
Microsoft Visual Studio Solution File, Format Version 12.00
# Visual Studio Version 17
VisualStudioVersion = 17.7.34202.233
MinimumVisualStudioVersion = 10.0.40219.1
Project("{FAE04EC0-301F-11D3-BF4B-00C04F79EFBC}") = "facade", "fasad\facade.csproj", "{2F4DF60E-4D32-4348-A317-3DB41B88468C}"
EndProject
Global
	GlobalSection(SolutionConfigurationPlatforms) = preSolution
		Debug|Any CPU = Debug|Any CPU
		Release|Any CPU = Release|Any CPU
	EndGlobalSection
	GlobalSection(ProjectConfigurationPlatforms) = postSolution
		{2F4DF60E-4D32-4348-A317-3DB41B88468C}.Debug|Any CPU.ActiveCfg = Debug|Any CPU
		{2F4DF60E-4D32-4348-A317-3DB41B88468C}.Debug|Any CPU.Build.0 = Debug|Any CPU
		{2F4DF60E-4D32-4348-A317-3DB41B88468C}.Release|Any CPU.ActiveCfg = Release|Any CPU
		{2F4DF60E-4D32-4348-A317-3DB41B88468C}.Release|Any CPU.Build.0 = Release|Any CPU
	EndGlobalSection
	GlobalSection(SolutionProperties) = preSolution
		HideSolutionNode = FALSE
	EndGlobalSection
	GlobalSection(ExtensibilityGlobals) = postSolution
		SolutionGuid = {B4E74133-0794-419E-9078-880458457C76}
	EndGlobalSection
EndGlobal
