
Microsoft Visual Studio Solution File, Format Version 12.00
# Visual Studio Version 17
VisualStudioVersion = 17.8.34316.72
MinimumVisualStudioVersion = 10.0.40219.1
Project("{FAE04EC0-301F-11D3-BF4B-00C04F79EFBC}") = "Task 3", "Task 3\Task 3.csproj", "{5DA37C84-74B8-41C8-B1CE-A29D8F19176B}"
EndProject
Global
	GlobalSection(SolutionConfigurationPlatforms) = preSolution
		Debug|Any CPU = Debug|Any CPU
		Release|Any CPU = Release|Any CPU
	EndGlobalSection
	GlobalSection(ProjectConfigurationPlatforms) = postSolution
		{5DA37C84-74B8-41C8-B1CE-A29D8F19176B}.Debug|Any CPU.ActiveCfg = Debug|Any CPU
		{5DA37C84-74B8-41C8-B1CE-A29D8F19176B}.Debug|Any CPU.Build.0 = Debug|Any CPU
		{5DA37C84-74B8-41C8-B1CE-A29D8F19176B}.Release|Any CPU.ActiveCfg = Release|Any CPU
		{5DA37C84-74B8-41C8-B1CE-A29D8F19176B}.Release|Any CPU.Build.0 = Release|Any CPU
	EndGlobalSection
	GlobalSection(SolutionProperties) = preSolution
		HideSolutionNode = FALSE
	EndGlobalSection
	GlobalSection(ExtensibilityGlobals) = postSolution
		SolutionGuid = {813DF9DC-2EF5-4515-97A7-CF4A81F9DA84}
	EndGlobalSection
EndGlobal
