
Microsoft Visual Studio Solution File, Format Version 12.00
# Visual Studio Version 17
VisualStudioVersion = 17.8.34316.72
MinimumVisualStudioVersion = 10.0.40219.1
Project("{FAE04EC0-301F-11D3-BF4B-00C04F79EFBC}") = "25.02.2024", "25.02.2024\25.02.2024.csproj", "{190E84CD-A946-48FE-A9EA-2576C521CBDF}"
EndProject
Global
	GlobalSection(SolutionConfigurationPlatforms) = preSolution
		Debug|Any CPU = Debug|Any CPU
		Release|Any CPU = Release|Any CPU
	EndGlobalSection
	GlobalSection(ProjectConfigurationPlatforms) = postSolution
		{190E84CD-A946-48FE-A9EA-2576C521CBDF}.Debug|Any CPU.ActiveCfg = Debug|Any CPU
		{190E84CD-A946-48FE-A9EA-2576C521CBDF}.Debug|Any CPU.Build.0 = Debug|Any CPU
		{190E84CD-A946-48FE-A9EA-2576C521CBDF}.Release|Any CPU.ActiveCfg = Release|Any CPU
		{190E84CD-A946-48FE-A9EA-2576C521CBDF}.Release|Any CPU.Build.0 = Release|Any CPU
	EndGlobalSection
	GlobalSection(SolutionProperties) = preSolution
		HideSolutionNode = FALSE
	EndGlobalSection
	GlobalSection(ExtensibilityGlobals) = postSolution
		SolutionGuid = {4EBB7536-C256-48E3-9B19-E6AB03C0CA9F}
	EndGlobalSection
EndGlobal
